
Microsoft Visual Studio Solution File, Format Version 12.00
# Visual Studio Version 17
VisualStudioVersion = 17.3.32929.385
MinimumVisualStudioVersion = 10.0.40219.1
Project("{FAE04EC0-301F-11D3-BF4B-00C04F79EFBC}") = "Excel_to_Msgxml", "Excel_to_Msgxml\Excel_to_Msgxml.csproj", "{F6B12374-4BA8-405F-AEBE-742AA4F9B654}"
EndProject
Global
	GlobalSection(SolutionConfigurationPlatforms) = preSolution
		Debug|Any CPU = Debug|Any CPU
		Release|Any CPU = Release|Any CPU
	EndGlobalSection
	GlobalSection(ProjectConfigurationPlatforms) = postSolution
		{F6B12374-4BA8-405F-AEBE-742AA4F9B654}.Debug|Any CPU.ActiveCfg = Debug|Any CPU
		{F6B12374-4BA8-405F-AEBE-742AA4F9B654}.Debug|Any CPU.Build.0 = Debug|Any CPU
		{F6B12374-4BA8-405F-AEBE-742AA4F9B654}.Release|Any CPU.ActiveCfg = Release|Any CPU
		{F6B12374-4BA8-405F-AEBE-742AA4F9B654}.Release|Any CPU.Build.0 = Release|Any CPU
	EndGlobalSection
	GlobalSection(SolutionProperties) = preSolution
		HideSolutionNode = FALSE
	EndGlobalSection
	GlobalSection(ExtensibilityGlobals) = postSolution
		SolutionGuid = {018BA410-34D6-4349-8F7F-90EB2A5E742C}
	EndGlobalSection
EndGlobal
